// !$*UTF8*$!
{
	archiveVersion = 1;
	classes = {
	};
	objectVersion = 50;
	objects = {

/* Begin PBXBuildFile section */
		A65D0F972385EC810043320C /* FontChangeViewController.swift in Sources */ = {isa = PBXBuildFile; fileRef = A65D0F962385EC810043320C /* FontChangeViewController.swift */; };
		CD8F8035230AE8E900CB87B0 /* AppDelegate.swift in Sources */ = {isa = PBXBuildFile; fileRef = CD8F8034230AE8E900CB87B0 /* AppDelegate.swift */; };
		CD8F8037230AE8E900CB87B0 /* MovieViewController.swift in Sources */ = {isa = PBXBuildFile; fileRef = CD8F8036230AE8E900CB87B0 /* MovieViewController.swift */; };
		CD8F803A230AE8E900CB87B0 /* Main.storyboard in Resources */ = {isa = PBXBuildFile; fileRef = CD8F8038230AE8E900CB87B0 /* Main.storyboard */; };
		CD8F803C230AE8ED00CB87B0 /* Assets.xcassets in Resources */ = {isa = PBXBuildFile; fileRef = CD8F803B230AE8ED00CB87B0 /* Assets.xcassets */; };
		CD8F803F230AE8ED00CB87B0 /* LaunchScreen.storyboard in Resources */ = {isa = PBXBuildFile; fileRef = CD8F803D230AE8ED00CB87B0 /* LaunchScreen.storyboard */; };
		CD8F8047230AEA9400CB87B0 /* Movie.swift in Sources */ = {isa = PBXBuildFile; fileRef = CD8F8046230AEA9400CB87B0 /* Movie.swift */; };
/* End PBXBuildFile section */

/* Begin PBXFileReference section */
		A65D0F962385EC810043320C /* FontChangeViewController.swift */ = {isa = PBXFileReference; lastKnownFileType = sourcecode.swift; path = FontChangeViewController.swift; sourceTree = "<group>"; };
		CD8F8031230AE8E900CB87B0 /* MVC+Delegation-Review-Lab.app */ = {isa = PBXFileReference; explicitFileType = wrapper.application; includeInIndex = 0; path = "MVC+Delegation-Review-Lab.app"; sourceTree = BUILT_PRODUCTS_DIR; };
		CD8F8034230AE8E900CB87B0 /* AppDelegate.swift */ = {isa = PBXFileReference; lastKnownFileType = sourcecode.swift; path = AppDelegate.swift; sourceTree = "<group>"; };
		CD8F8036230AE8E900CB87B0 /* MovieViewController.swift */ = {isa = PBXFileReference; lastKnownFileType = sourcecode.swift; path = MovieViewController.swift; sourceTree = "<group>"; };
		CD8F8039230AE8E900CB87B0 /* Base */ = {isa = PBXFileReference; lastKnownFileType = file.storyboard; name = Base; path = Base.lproj/Main.storyboard; sourceTree = "<group>"; };
		CD8F803B230AE8ED00CB87B0 /* Assets.xcassets */ = {isa = PBXFileReference; lastKnownFileType = folder.assetcatalog; path = Assets.xcassets; sourceTree = "<group>"; };
		CD8F803E230AE8ED00CB87B0 /* Base */ = {isa = PBXFileReference; lastKnownFileType = file.storyboard; name = Base; path = Base.lproj/LaunchScreen.storyboard; sourceTree = "<group>"; };
		CD8F8040230AE8ED00CB87B0 /* Info.plist */ = {isa = PBXFileReference; lastKnownFileType = text.plist.xml; path = Info.plist; sourceTree = "<group>"; };
		CD8F8046230AEA9400CB87B0 /* Movie.swift */ = {isa = PBXFileReference; lastKnownFileType = sourcecode.swift; name = Movie.swift; path = "MVC+Delegation-Review-Lab/Movie.swift"; sourceTree = "<group>"; };
/* End PBXFileReference section */

/* Begin PBXFrameworksBuildPhase section */
		CD8F802E230AE8E900CB87B0 /* Frameworks */ = {
			isa = PBXFrameworksBuildPhase;
			buildActionMask = 2147483647;
			files = (
			);
			runOnlyForDeploymentPostprocessing = 0;
		};
/* End PBXFrameworksBuildPhase section */

/* Begin PBXGroup section */
		CD8F8028230AE8E900CB87B0 = {
			isa = PBXGroup;
			children = (
				CD8F8046230AEA9400CB87B0 /* Movie.swift */,
				CD8F8033230AE8E900CB87B0 /* MVC+Delegation-Review-Lab */,
				CD8F8032230AE8E900CB87B0 /* Products */,
			);
			sourceTree = "<group>";
		};
		CD8F8032230AE8E900CB87B0 /* Products */ = {
			isa = PBXGroup;
			children = (
				CD8F8031230AE8E900CB87B0 /* MVC+Delegation-Review-Lab.app */,
			);
			name = Products;
			sourceTree = "<group>";
		};
		CD8F8033230AE8E900CB87B0 /* MVC+Delegation-Review-Lab */ = {
			isa = PBXGroup;
			children = (
				CD8F8034230AE8E900CB87B0 /* AppDelegate.swift */,
				CD8F8036230AE8E900CB87B0 /* MovieViewController.swift */,
				A65D0F962385EC810043320C /* FontChangeViewController.swift */,
				CD8F8038230AE8E900CB87B0 /* Main.storyboard */,
				CD8F803B230AE8ED00CB87B0 /* Assets.xcassets */,
				CD8F803D230AE8ED00CB87B0 /* LaunchScreen.storyboard */,
				CD8F8040230AE8ED00CB87B0 /* Info.plist */,
			);
			path = "MVC+Delegation-Review-Lab";
			sourceTree = "<group>";
		};
/* End PBXGroup section */

/* Begin PBXNativeTarget section */
		CD8F8030230AE8E900CB87B0 /* MVC+Delegation-Review-Lab */ = {
			isa = PBXNativeTarget;
			buildConfigurationList = CD8F8043230AE8ED00CB87B0 /* Build configuration list for PBXNativeTarget "MVC+Delegation-Review-Lab" */;
			buildPhases = (
				CD8F802D230AE8E900CB87B0 /* Sources */,
				CD8F802E230AE8E900CB87B0 /* Frameworks */,
				CD8F802F230AE8E900CB87B0 /* Resources */,
			);
			buildRules = (
			);
			dependencies = (
			);
			name = "MVC+Delegation-Review-Lab";
			productName = "MVC+Delegation-Review-Lab";
			productReference = CD8F8031230AE8E900CB87B0 /* MVC+Delegation-Review-Lab.app */;
			productType = "com.apple.product-type.application";
		};
/* End PBXNativeTarget section */

/* Begin PBXProject section */
		CD8F8029230AE8E900CB87B0 /* Project object */ = {
			isa = PBXProject;
			attributes = {
				LastSwiftUpdateCheck = 1020;
				LastUpgradeCheck = 1020;
				ORGANIZATIONNAME = "Benjamin Stone";
				TargetAttributes = {
					CD8F8030230AE8E900CB87B0 = {
						CreatedOnToolsVersion = 10.2.1;
					};
				};
			};
			buildConfigurationList = CD8F802C230AE8E900CB87B0 /* Build configuration list for PBXProject "MVC+Delegation-Review-Lab" */;
			compatibilityVersion = "Xcode 9.3";
			developmentRegion = en;
			hasScannedForEncodings = 0;
			knownRegions = (
				en,
				Base,
			);
			mainGroup = CD8F8028230AE8E900CB87B0;
			productRefGroup = CD8F8032230AE8E900CB87B0 /* Products */;
			projectDirPath = "";
			projectRoot = "";
			targets = (
				CD8F8030230AE8E900CB87B0 /* MVC+Delegation-Review-Lab */,
			);
		};
/* End PBXProject section */

/* Begin PBXResourcesBuildPhase section */
		CD8F802F230AE8E900CB87B0 /* Resources */ = {
			isa = PBXResourcesBuildPhase;
			buildActionMask = 2147483647;
			files = (
				CD8F803F230AE8ED00CB87B0 /* LaunchScreen.storyboard in Resources */,
				CD8F803C230AE8ED00CB87B0 /* Assets.xcassets in Resources */,
				CD8F803A230AE8E900CB87B0 /* Main.storyboard in Resources */,
			);
			runOnlyForDeploymentPostprocessing = 0;
		};
/* End PBXResourcesBuildPhase section */

/* Begin PBXSourcesBuildPhase section */
		CD8F802D230AE8E900CB87B0 /* Sources */ = {
			isa = PBXSourcesBuildPhase;
			buildActionMask = 2147483647;
			files = (
				CD8F8037230AE8E900CB87B0 /* MovieViewController.swift in Sources */,
				A65D0F972385EC810043320C /* FontChangeViewController.swift in Sources */,
				CD8F8035230AE8E900CB87B0 /* AppDelegate.swift in Sources */,
				CD8F8047230AEA9400CB87B0 /* Movie.swift in Sources */,
			);
			runOnlyForDeploymentPostprocessing = 0;
		};
/* End PBXSourcesBuildPhase section */

/* Begin PBXVariantGroup section */
		CD8F8038230AE8E900CB87B0 /* Main.storyboard */ = {
			isa = PBXVariantGroup;
			children = (
				CD8F8039230AE8E900CB87B0 /* Base */,
			);
			name = Main.storyboard;
			sourceTree = "<group>";
		};
		CD8F803D230AE8ED00CB87B0 /* LaunchScreen.storyboard */ = {
			isa = PBXVariantGroup;
			children = (
				CD8F803E230AE8ED00CB87B0 /* Base */,
			);
			name = LaunchScreen.storyboard;
			sourceTree = "<group>";
		};
/* End PBXVariantGroup section */

/* Begin XCBuildConfiguration section */
		CD8F8041230AE8ED00CB87B0 /* Debug */ = {
			isa = XCBuildConfiguration;
			buildSettings = {
				ALWAYS_SEARCH_USER_PATHS = NO;
				CLANG_ANALYZER_NONNULL = YES;
				CLANG_ANALYZER_NUMBER_OBJECT_CONVERSION = YES_AGGRESSIVE;
				CLANG_CXX_LANGUAGE_STANDARD = "gnu++14";
				CLANG_CXX_LIBRARY = "libc++";
				CLANG_ENABLE_MODULES = YES;
				CLANG_ENABLE_OBJC_ARC = YES;
				CLANG_ENABLE_OBJC_WEAK = YES;
				CLANG_WARN_BLOCK_CAPTURE_AUTORELEASING = YES;
				CLANG_WARN_BOOL_CONVERSION = YES;
				CLANG_WARN_COMMA = YES;
				CLANG_WARN_CONSTANT_CONVERSION = YES;
				CLANG_WARN_DEPRECATED_OBJC_IMPLEMENTATIONS = YES;
				CLANG_WARN_DIRECT_OBJC_ISA_USAGE = YES_ERROR;
				CLANG_WARN_DOCUMENTATION_COMMENTS = YES;
				CLANG_WARN_EMPTY_BODY = YES;
				CLANG_WARN_ENUM_CONVERSION = YES;
				CLANG_WARN_INFINITE_RECURSION = YES;
				CLANG_WARN_INT_CONVERSION = YES;
				CLANG_WARN_NON_LITERAL_NULL_CONVERSION = YES;
				CLANG_WARN_OBJC_IMPLICIT_RETAIN_SELF = YES;
				CLANG_WARN_OBJC_LITERAL_CONVERSION = YES;
				CLANG_WARN_OBJC_ROOT_CLASS = YES_ERROR;
				CLANG_WARN_RANGE_LOOP_ANALYSIS = YES;
				CLANG_WARN_STRICT_PROTOTYPES = YES;
				CLANG_WARN_SUSPICIOUS_MOVE = YES;
				CLANG_WARN_UNGUARDED_AVAILABILITY = YES_AGGRESSIVE;
				CLANG_WARN_UNREACHABLE_CODE = YES;
				CLANG_WARN__DUPLICATE_METHOD_MATCH = YES;
				CODE_SIGN_IDENTITY = "iPhone Developer";
				COPY_PHASE_STRIP = NO;
				DEBUG_INFORMATION_FORMAT = dwarf;
				ENABLE_STRICT_OBJC_MSGSEND = YES;
				ENABLE_TESTABILITY = YES;
				GCC_C_LANGUAGE_STANDARD = gnu11;
				GCC_DYNAMIC_NO_PIC = NO;
				GCC_NO_COMMON_BLOCKS = YES;
				GCC_OPTIMIZATION_LEVEL = 0;
				GCC_PREPROCESSOR_DEFINITIONS = (
					"DEBUG=1",
					"$(inherited)",
				);
				GCC_WARN_64_TO_32_BIT_CONVERSION = YES;
				GCC_WARN_ABOUT_RETURN_TYPE = YES_ERROR;
				GCC_WARN_UNDECLARED_SELECTOR = YES;
				GCC_WARN_UNINITIALIZED_AUTOS = YES_AGGRESSIVE;
				GCC_WARN_UNUSED_FUNCTION = YES;
				GCC_WARN_UNUSED_VARIABLE = YES;
				IPHONEOS_DEPLOYMENT_TARGET = 12.2;
				MTL_ENABLE_DEBUG_INFO = INCLUDE_SOURCE;
				MTL_FAST_MATH = YES;
				ONLY_ACTIVE_ARCH = YES;
				SDKROOT = iphoneos;
				SWIFT_ACTIVE_COMPILATION_CONDITIONS = DEBUG;
				SWIFT_OPTIMIZATION_LEVEL = "-Onone";
			};
			name = Debug;
		};
		CD8F8042230AE8ED00CB87B0 /* Release */ = {
			isa = XCBuildConfiguration;
			buildSettings = {
				ALWAYS_SEARCH_USER_PATHS = NO;
				CLANG_ANALYZER_NONNULL = YES;
				CLANG_ANALYZER_NUMBER_OBJECT_CONVERSION = YES_AGGRESSIVE;
				CLANG_CXX_LANGUAGE_STANDARD = "gnu++14";
				CLANG_CXX_LIBRARY = "libc++";
				CLANG_ENABLE_MODULES = YES;
				CLANG_ENABLE_OBJC_ARC = YES;
				CLANG_ENABLE_OBJC_WEAK = YES;
				CLANG_WARN_BLOCK_CAPTURE_AUTORELEASING = YES;
				CLANG_WARN_BOOL_CONVERSION = YES;
				CLANG_WARN_COMMA = YES;
				CLANG_WARN_CONSTANT_CONVERSION = YES;
				CLANG_WARN_DEPRECATED_OBJC_IMPLEMENTATIONS = YES;
				CLANG_WARN_DIRECT_OBJC_ISA_USAGE = YES_ERROR;
				CLANG_WARN_DOCUMENTATION_COMMENTS = YES;
				CLANG_WARN_EMPTY_BODY = YES;
				CLANG_WARN_ENUM_CONVERSION = YES;
				CLANG_WARN_INFINITE_RECURSION = YES;
				CLANG_WARN_INT_CONVERSION = YES;
				CLANG_WARN_NON_LITERAL_NULL_CONVERSION = YES;
				CLANG_WARN_OBJC_IMPLICIT_RETAIN_SELF = YES;
				CLANG_WARN_OBJC_LITERAL_CONVERSION = YES;
				CLANG_WARN_OBJC_ROOT_CLASS = YES_ERROR;
				CLANG_WARN_RANGE_LOOP_ANALYSIS = YES;
				CLANG_WARN_STRICT_PROTOTYPES = YES;
				CLANG_WARN_SUSPICIOUS_MOVE = YES;
				CLANG_WARN_UNGUARDED_AVAILABILITY = YES_AGGRESSIVE;
				CLANG_WARN_UNREACHABLE_CODE = YES;
				CLANG_WARN__DUPLICATE_METHOD_MATCH = YES;
				CODE_SIGN_IDENTITY = "iPhone Developer";
				COPY_PHASE_STRIP = NO;
				DEBUG_INFORMATION_FORMAT = "dwarf-with-dsym";
				ENABLE_NS_ASSERTIONS = NO;
				ENABLE_STRICT_OBJC_MSGSEND = YES;
				GCC_C_LANGUAGE_STANDARD = gnu11;
				GCC_NO_COMMON_BLOCKS = YES;
				GCC_WARN_64_TO_32_BIT_CONVERSION = YES;
				GCC_WARN_ABOUT_RETURN_TYPE = YES_ERROR;
				GCC_WARN_UNDECLARED_SELECTOR = YES;
				GCC_WARN_UNINITIALIZED_AUTOS = YES_AGGRESSIVE;
				GCC_WARN_UNUSED_FUNCTION = YES;
				GCC_WARN_UNUSED_VARIABLE = YES;
				IPHONEOS_DEPLOYMENT_TARGET = 12.2;
				MTL_ENABLE_DEBUG_INFO = NO;
				MTL_FAST_MATH = YES;
				SDKROOT = iphoneos;
				SWIFT_COMPILATION_MODE = wholemodule;
				SWIFT_OPTIMIZATION_LEVEL = "-O";
				VALIDATE_PRODUCT = YES;
			};
			name = Release;
		};
		CD8F8044230AE8ED00CB87B0 /* Debug */ = {
			isa = XCBuildConfiguration;
			buildSettings = {
				ASSETCATALOG_COMPILER_APPICON_NAME = AppIcon;
				CODE_SIGN_STYLE = Automatic;
				INFOPLIST_FILE = "MVC+Delegation-Review-Lab/Info.plist";
				LD_RUNPATH_SEARCH_PATHS = (
					"$(inherited)",
					"@executable_path/Frameworks",
				);
				PRODUCT_BUNDLE_IDENTIFIER = "pursuit.MVC-Delegation-Review-Lab";
				PRODUCT_NAME = "$(TARGET_NAME)";
				SWIFT_VERSION = 5.0;
				TARGETED_DEVICE_FAMILY = "1,2";
			};
			name = Debug;
		};
		CD8F8045230AE8ED00CB87B0 /* Release */ = {
			isa = XCBuildConfiguration;
			buildSettings = {
				ASSETCATALOG_COMPILER_APPICON_NAME = AppIcon;
				CODE_SIGN_STYLE = Automatic;
				INFOPLIST_FILE = "MVC+Delegation-Review-Lab/Info.plist";
				LD_RUNPATH_SEARCH_PATHS = (
					"$(inherited)",
					"@executable_path/Frameworks",
				);
				PRODUCT_BUNDLE_IDENTIFIER = "pursuit.MVC-Delegation-Review-Lab";
				PRODUCT_NAME = "$(TARGET_NAME)";
				SWIFT_VERSION = 5.0;
				TARGETED_DEVICE_FAMILY = "1,2";
			};
			name = Release;
		};
/* End XCBuildConfiguration section */

/* Begin XCConfigurationList section */
		CD8F802C230AE8E900CB87B0 /* Build configuration list for PBXProject "MVC+Delegation-Review-Lab" */ = {
			isa = XCConfigurationList;
			buildConfigurations = (
				CD8F8041230AE8ED00CB87B0 /* Debug */,
				CD8F8042230AE8ED00CB87B0 /* Release */,
			);
			defaultConfigurationIsVisible = 0;
			defaultConfigurationName = Release;
		};
		CD8F8043230AE8ED00CB87B0 /* Build configuration list for PBXNativeTarget "MVC+Delegation-Review-Lab" */ = {
			isa = XCConfigurationList;
			buildConfigurations = (
				CD8F8044230AE8ED00CB87B0 /* Debug */,
				CD8F8045230AE8ED00CB87B0 /* Release */,
			);
			defaultConfigurationIsVisible = 0;
			defaultConfigurationName = Release;
		};
/* End XCConfigurationList section */
	};
	rootObject = CD8F8029230AE8E900CB87B0 /* Project object */;
}
